// !$*UTF8*$!
{
	archiveVersion = 1;
	classes = {
	};
	objectVersion = 77;
	objects = {

/* Begin PBXBuildFile section */
		EF587F742E4D109F007A97D1 /* Novo.xcdatamodeld in Sources */ = {isa = PBXBuildFile; fileRef = EF587F6E2E4D109F007A97D1 /* Novo.xcdatamodeld */; };
		EF587F752E4D109F007A97D1 /* NovoApp.swift in Sources */ = {isa = PBXBuildFile; fileRef = EF587F6F2E4D109F007A97D1 /* NovoApp.swift */; };
		EF587F762E4D109F007A97D1 /* Persistence.swift in Sources */ = {isa = PBXBuildFile; fileRef = EF587F702E4D109F007A97D1 /* Persistence.swift */; };
		EF587F782E4D109F007A97D1 /* Assets.xcassets in Resources */ = {isa = PBXBuildFile; fileRef = EF587F6B2E4D109F007A97D1 /* Assets.xcassets */; };
		EF587F7F2E4D1B15007A97D1 /* ContentView.swift in Sources */ = {isa = PBXBuildFile; fileRef = EF587F7E2E4D1B15007A97D1 /* ContentView.swift */; };
		EF5880AC2E56E0ED007A97D1 /* QuestionNameView.swift in Sources */ = {isa = PBXBuildFile; fileRef = EF5880AB2E56E0ED007A97D1 /* QuestionNameView.swift */; };
		EF5880AE2E56E108007A97D1 /* OnboardingViewModel.swift in Sources */ = {isa = PBXBuildFile; fileRef = EF5880AD2E56E108007A97D1 /* OnboardingViewModel.swift */; };
		EF5880B02E56E10D007A97D1 /* OnboardingFlowView.swift in Sources */ = {isa = PBXBuildFile; fileRef = EF5880AF2E56E10D007A97D1 /* OnboardingFlowView.swift */; };
		EF5880B22E56E113007A97D1 /* MainAppView.swift in Sources */ = {isa = PBXBuildFile; fileRef = EF5880B12E56E113007A97D1 /* MainAppView.swift */; };
		EF5880B42E56E24D007A97D1 /* RootView.swift in Sources */ = {isa = PBXBuildFile; fileRef = EF5880B32E56E24D007A97D1 /* RootView.swift */; };
		EF5880B82E56E88F007A97D1 /* OnboardingPageInfo.swift in Sources */ = {isa = PBXBuildFile; fileRef = EF5880B72E56E88F007A97D1 /* OnboardingPageInfo.swift */; };
		EF5880BA2E56E9C9007A97D1 /* OnboardingSelectionButton.swift in Sources */ = {isa = PBXBuildFile; fileRef = EF5880B92E56E9C9007A97D1 /* OnboardingSelectionButton.swift */; };
		EF5880BD2E56EA8C007A97D1 /* OnboardingHeaderView.swift in Sources */ = {isa = PBXBuildFile; fileRef = EF5880BC2E56EA8C007A97D1 /* OnboardingHeaderView.swift */; };
		EF5880BF2E56EA95007A97D1 /* OnboardingJourneyStartView.swift in Sources */ = {isa = PBXBuildFile; fileRef = EF5880BE2E56EA95007A97D1 /* OnboardingJourneyStartView.swift */; };
		EF5880C12E56EC2E007A97D1 /* OnboardingButton.swift in Sources */ = {isa = PBXBuildFile; fileRef = EF5880C02E56EC2E007A97D1 /* OnboardingButton.swift */; };
		EF5880C32E56EC39007A97D1 /* OnboardingSingleSelectionView.swift in Sources */ = {isa = PBXBuildFile; fileRef = EF5880C22E56EC39007A97D1 /* OnboardingSingleSelectionView.swift */; };
		EF5880D12E5847C9007A97D1 /* OnboardingIntroView.swift in Sources */ = {isa = PBXBuildFile; fileRef = EF5880D02E5847C9007A97D1 /* OnboardingIntroView.swift */; };
		EF5880D42E5958A8007A97D1 /* SuperwallKit in Frameworks */ = {isa = PBXBuildFile; productRef = EF5880D32E5958A8007A97D1 /* SuperwallKit */; };
		EF5880D82E59705C007A97D1 /* StoreKit.storekit in Resources */ = {isa = PBXBuildFile; fileRef = EF5880D72E59705C007A97D1 /* StoreKit.storekit */; };
		EF5880D92E59705C007A97D1 /* StoreKit.storekit in Resources */ = {isa = PBXBuildFile; fileRef = EF5880D72E59705C007A97D1 /* StoreKit.storekit */; };
		EF5880DB2E59741E007A97D1 /* CustomValueInputView.swift in Sources */ = {isa = PBXBuildFile; fileRef = EF5880DA2E59741E007A97D1 /* CustomValueInputView.swift */; };
/* End PBXBuildFile section */

/* Begin PBXContainerItemProxy section */
		EF822C712E4C0E80002D1759 /* PBXContainerItemProxy */ = {
			isa = PBXContainerItemProxy;
			containerPortal = EF822C542E4C0E7F002D1759 /* Project object */;
			proxyType = 1;
			remoteGlobalIDString = EF822C5B2E4C0E7F002D1759;
			remoteInfo = Novo;
		};
		EF822C7B2E4C0E80002D1759 /* PBXContainerItemProxy */ = {
			isa = PBXContainerItemProxy;
			containerPortal = EF822C542E4C0E7F002D1759 /* Project object */;
			proxyType = 1;
			remoteGlobalIDString = EF822C5B2E4C0E7F002D1759;
			remoteInfo = Novo;
		};
/* End PBXContainerItemProxy section */

/* Begin PBXFileReference section */
		EF587F6B2E4D109F007A97D1 /* Assets.xcassets */ = {isa = PBXFileReference; lastKnownFileType = folder.assetcatalog; path = Assets.xcassets; sourceTree = "<group>"; };
		EF587F6C2E4D109F007A97D1 /* Info.plist */ = {isa = PBXFileReference; lastKnownFileType = text.plist.xml; path = Info.plist; sourceTree = "<group>"; };
		EF587F6D2E4D109F007A97D1 /* Novo.entitlements */ = {isa = PBXFileReference; lastKnownFileType = text.plist.entitlements; path = Novo.entitlements; sourceTree = "<group>"; };
		EF587F6F2E4D109F007A97D1 /* NovoApp.swift */ = {isa = PBXFileReference; lastKnownFileType = sourcecode.swift; path = NovoApp.swift; sourceTree = "<group>"; };
		EF587F702E4D109F007A97D1 /* Persistence.swift */ = {isa = PBXFileReference; lastKnownFileType = sourcecode.swift; path = Persistence.swift; sourceTree = "<group>"; };
		EF587F732E4D109F007A97D1 /* Novo.xcdatamodel */ = {isa = PBXFileReference; lastKnownFileType = wrapper.xcdatamodel; path = Novo.xcdatamodel; sourceTree = "<group>"; };
		EF587F7E2E4D1B15007A97D1 /* ContentView.swift */ = {isa = PBXFileReference; lastKnownFileType = sourcecode.swift; path = ContentView.swift; sourceTree = "<group>"; };
		EF5880AB2E56E0ED007A97D1 /* QuestionNameView.swift */ = {isa = PBXFileReference; lastKnownFileType = sourcecode.swift; path = QuestionNameView.swift; sourceTree = "<group>"; };
		EF5880AD2E56E108007A97D1 /* OnboardingViewModel.swift */ = {isa = PBXFileReference; lastKnownFileType = sourcecode.swift; path = OnboardingViewModel.swift; sourceTree = "<group>"; };
		EF5880AF2E56E10D007A97D1 /* OnboardingFlowView.swift */ = {isa = PBXFileReference; lastKnownFileType = sourcecode.swift; path = OnboardingFlowView.swift; sourceTree = "<group>"; };
		EF5880B12E56E113007A97D1 /* MainAppView.swift */ = {isa = PBXFileReference; lastKnownFileType = sourcecode.swift; path = MainAppView.swift; sourceTree = "<group>"; };
		EF5880B32E56E24D007A97D1 /* RootView.swift */ = {isa = PBXFileReference; lastKnownFileType = sourcecode.swift; path = RootView.swift; sourceTree = "<group>"; };
		EF5880B72E56E88F007A97D1 /* OnboardingPageInfo.swift */ = {isa = PBXFileReference; lastKnownFileType = sourcecode.swift; path = OnboardingPageInfo.swift; sourceTree = "<group>"; };
		EF5880B92E56E9C9007A97D1 /* OnboardingSelectionButton.swift */ = {isa = PBXFileReference; lastKnownFileType = sourcecode.swift; path = OnboardingSelectionButton.swift; sourceTree = "<group>"; };
		EF5880BC2E56EA8C007A97D1 /* OnboardingHeaderView.swift */ = {isa = PBXFileReference; lastKnownFileType = sourcecode.swift; path = OnboardingHeaderView.swift; sourceTree = "<group>"; };
		EF5880BE2E56EA95007A97D1 /* OnboardingJourneyStartView.swift */ = {isa = PBXFileReference; lastKnownFileType = sourcecode.swift; path = OnboardingJourneyStartView.swift; sourceTree = "<group>"; };
		EF5880C02E56EC2E007A97D1 /* OnboardingButton.swift */ = {isa = PBXFileReference; lastKnownFileType = sourcecode.swift; path = OnboardingButton.swift; sourceTree = "<group>"; };
		EF5880C22E56EC39007A97D1 /* OnboardingSingleSelectionView.swift */ = {isa = PBXFileReference; lastKnownFileType = sourcecode.swift; path = OnboardingSingleSelectionView.swift; sourceTree = "<group>"; };
		EF5880D02E5847C9007A97D1 /* OnboardingIntroView.swift */ = {isa = PBXFileReference; lastKnownFileType = sourcecode.swift; path = OnboardingIntroView.swift; sourceTree = "<group>"; };
		EF5880D72E59705C007A97D1 /* StoreKit.storekit */ = {isa = PBXFileReference; lastKnownFileType = text; path = StoreKit.storekit; sourceTree = "<group>"; };
		EF5880DA2E59741E007A97D1 /* CustomValueInputView.swift */ = {isa = PBXFileReference; lastKnownFileType = sourcecode.swift; path = CustomValueInputView.swift; sourceTree = "<group>"; };
		EF822C5C2E4C0E7F002D1759 /* Novo.app */ = {isa = PBXFileReference; explicitFileType = wrapper.application; includeInIndex = 0; path = Novo.app; sourceTree = BUILT_PRODUCTS_DIR; };
		EF822C702E4C0E80002D1759 /* NovoTests.xctest */ = {isa = PBXFileReference; explicitFileType = wrapper.cfbundle; includeInIndex = 0; path = NovoTests.xctest; sourceTree = BUILT_PRODUCTS_DIR; };
		EF822C7A2E4C0E80002D1759 /* NovoUITests.xctest */ = {isa = PBXFileReference; explicitFileType = wrapper.cfbundle; includeInIndex = 0; path = NovoUITests.xctest; sourceTree = BUILT_PRODUCTS_DIR; };
/* End PBXFileReference section */

/* Begin PBXFileSystemSynchronizedRootGroup section */
		EF822C732E4C0E80002D1759 /* NovoTests */ = {
			isa = PBXFileSystemSynchronizedRootGroup;
			path = NovoTests;
			sourceTree = "<group>";
		};
		EF822C7D2E4C0E80002D1759 /* NovoUITests */ = {
			isa = PBXFileSystemSynchronizedRootGroup;
			path = NovoUITests;
			sourceTree = "<group>";
		};
/* End PBXFileSystemSynchronizedRootGroup section */

/* Begin PBXFrameworksBuildPhase section */
		EF822C592E4C0E7F002D1759 /* Frameworks */ = {
			isa = PBXFrameworksBuildPhase;
			buildActionMask = 2147483647;
			files = (
				EF5880D42E5958A8007A97D1 /* SuperwallKit in Frameworks */,
			);
			runOnlyForDeploymentPostprocessing = 0;
		};
		EF822C6D2E4C0E80002D1759 /* Frameworks */ = {
			isa = PBXFrameworksBuildPhase;
			buildActionMask = 2147483647;
			files = (
			);
			runOnlyForDeploymentPostprocessing = 0;
		};
		EF822C772E4C0E80002D1759 /* Frameworks */ = {
			isa = PBXFrameworksBuildPhase;
			buildActionMask = 2147483647;
			files = (
			);
			runOnlyForDeploymentPostprocessing = 0;
		};
/* End PBXFrameworksBuildPhase section */

/* Begin PBXGroup section */
		EF587F722E4D109F007A97D1 /* Novo */ = {
			isa = PBXGroup;
			children = (
				EF5880CD2E5836B9007A97D1 /* Onboarding */,
				EF587F6C2E4D109F007A97D1 /* Info.plist */,
				EF587F6D2E4D109F007A97D1 /* Novo.entitlements */,
				EF5880CC2E583659007A97D1 /* CoreViews */,
				EF5880CA2E583606007A97D1 /* Core */,
				EF5880AB2E56E0ED007A97D1 /* QuestionNameView.swift */,
				EF587F702E4D109F007A97D1 /* Persistence.swift */,
			);
			path = Novo;
			sourceTree = "<group>";
		};
		EF5880BB2E56EA7B007A97D1 /* UI Components */ = {
			isa = PBXGroup;
			children = (
				EF5880DA2E59741E007A97D1 /* CustomValueInputView.swift */,
				EF5880C22E56EC39007A97D1 /* OnboardingSingleSelectionView.swift */,
				EF5880C02E56EC2E007A97D1 /* OnboardingButton.swift */,
				EF5880B92E56E9C9007A97D1 /* OnboardingSelectionButton.swift */,
				EF5880BC2E56EA8C007A97D1 /* OnboardingHeaderView.swift */,
			);
			path = "UI Components";
			sourceTree = "<group>";
		};
		EF5880CA2E583606007A97D1 /* Core */ = {
			isa = PBXGroup;
			children = (
				EF587F6B2E4D109F007A97D1 /* Assets.xcassets */,
				EF587F6F2E4D109F007A97D1 /* NovoApp.swift */,
				EF587F6E2E4D109F007A97D1 /* Novo.xcdatamodeld */,
			);
			path = Core;
			sourceTree = "<group>";
		};
		EF5880CC2E583659007A97D1 /* CoreViews */ = {
			isa = PBXGroup;
			children = (
				EF5880B32E56E24D007A97D1 /* RootView.swift */,
				EF5880B12E56E113007A97D1 /* MainAppView.swift */,
				EF587F7E2E4D1B15007A97D1 /* ContentView.swift */,
			);
			path = CoreViews;
			sourceTree = "<group>";
		};
		EF5880CD2E5836B9007A97D1 /* Onboarding */ = {
			isa = PBXGroup;
			children = (
				EF5880BB2E56EA7B007A97D1 /* UI Components */,
				EF5880B72E56E88F007A97D1 /* OnboardingPageInfo.swift */,
				EF5880D02E5847C9007A97D1 /* OnboardingIntroView.swift */,
				EF5880BE2E56EA95007A97D1 /* OnboardingJourneyStartView.swift */,
				EF5880AD2E56E108007A97D1 /* OnboardingViewModel.swift */,
				EF5880AF2E56E10D007A97D1 /* OnboardingFlowView.swift */,
			);
			path = Onboarding;
			sourceTree = "<group>";
		};
		EF822C532E4C0E7F002D1759 = {
			isa = PBXGroup;
			children = (
				EF5880D72E59705C007A97D1 /* StoreKit.storekit */,
				EF587F722E4D109F007A97D1 /* Novo */,
				EF822C732E4C0E80002D1759 /* NovoTests */,
				EF822C7D2E4C0E80002D1759 /* NovoUITests */,
				EF822C5D2E4C0E7F002D1759 /* Products */,
			);
			sourceTree = "<group>";
		};
		EF822C5D2E4C0E7F002D1759 /* Products */ = {
			isa = PBXGroup;
			children = (
				EF822C5C2E4C0E7F002D1759 /* Novo.app */,
				EF822C702E4C0E80002D1759 /* NovoTests.xctest */,
				EF822C7A2E4C0E80002D1759 /* NovoUITests.xctest */,
			);
			name = Products;
			sourceTree = "<group>";
		};
/* End PBXGroup section */

/* Begin PBXNativeTarget section */
		EF822C5B2E4C0E7F002D1759 /* Novo */ = {
			isa = PBXNativeTarget;
			buildConfigurationList = EF822C832E4C0E80002D1759 /* Build configuration list for PBXNativeTarget "Novo" */;
			buildPhases = (
				EF822C582E4C0E7F002D1759 /* Sources */,
				EF822C592E4C0E7F002D1759 /* Frameworks */,
				EF822C5A2E4C0E7F002D1759 /* Resources */,
			);
			buildRules = (
			);
			dependencies = (
			);
			name = Novo;
			packageProductDependencies = (
				EF5880D32E5958A8007A97D1 /* SuperwallKit */,
			);
			productName = Novo;
			productReference = EF822C5C2E4C0E7F002D1759 /* Novo.app */;
			productType = "com.apple.product-type.application";
		};
		EF822C6F2E4C0E80002D1759 /* NovoTests */ = {
			isa = PBXNativeTarget;
			buildConfigurationList = EF822C882E4C0E80002D1759 /* Build configuration list for PBXNativeTarget "NovoTests" */;
			buildPhases = (
				EF822C6C2E4C0E80002D1759 /* Sources */,
				EF822C6D2E4C0E80002D1759 /* Frameworks */,
				EF822C6E2E4C0E80002D1759 /* Resources */,
			);
			buildRules = (
			);
			dependencies = (
				EF822C722E4C0E80002D1759 /* PBXTargetDependency */,
			);
			fileSystemSynchronizedGroups = (
				EF822C732E4C0E80002D1759 /* NovoTests */,
			);
			name = NovoTests;
			packageProductDependencies = (
			);
			productName = NovoTests;
			productReference = EF822C702E4C0E80002D1759 /* NovoTests.xctest */;
			productType = "com.apple.product-type.bundle.unit-test";
		};
		EF822C792E4C0E80002D1759 /* NovoUITests */ = {
			isa = PBXNativeTarget;
			buildConfigurationList = EF822C8B2E4C0E80002D1759 /* Build configuration list for PBXNativeTarget "NovoUITests" */;
			buildPhases = (
				EF822C762E4C0E80002D1759 /* Sources */,
				EF822C772E4C0E80002D1759 /* Frameworks */,
				EF822C782E4C0E80002D1759 /* Resources */,
			);
			buildRules = (
			);
			dependencies = (
				EF822C7C2E4C0E80002D1759 /* PBXTargetDependency */,
			);
			fileSystemSynchronizedGroups = (
				EF822C7D2E4C0E80002D1759 /* NovoUITests */,
			);
			name = NovoUITests;
			packageProductDependencies = (
			);
			productName = NovoUITests;
			productReference = EF822C7A2E4C0E80002D1759 /* NovoUITests.xctest */;
			productType = "com.apple.product-type.bundle.ui-testing";
		};
/* End PBXNativeTarget section */

/* Begin PBXProject section */
		EF822C542E4C0E7F002D1759 /* Project object */ = {
			isa = PBXProject;
			attributes = {
				BuildIndependentTargetsInParallel = 1;
				LastSwiftUpdateCheck = 1640;
				LastUpgradeCheck = 1640;
				TargetAttributes = {
					EF822C5B2E4C0E7F002D1759 = {
						CreatedOnToolsVersion = 16.4;
					};
					EF822C6F2E4C0E80002D1759 = {
						CreatedOnToolsVersion = 16.4;
						TestTargetID = EF822C5B2E4C0E7F002D1759;
					};
					EF822C792E4C0E80002D1759 = {
						CreatedOnToolsVersion = 16.4;
						TestTargetID = EF822C5B2E4C0E7F002D1759;
					};
				};
			};
			buildConfigurationList = EF822C572E4C0E7F002D1759 /* Build configuration list for PBXProject "Novo" */;
			developmentRegion = en;
			hasScannedForEncodings = 0;
			knownRegions = (
				en,
				Base,
			);
			mainGroup = EF822C532E4C0E7F002D1759;
			minimizedProjectReferenceProxies = 1;
			packageReferences = (
				EF5880D22E5958A8007A97D1 /* XCRemoteSwiftPackageReference "Superwall-iOS" */,
			);
			preferredProjectObjectVersion = 77;
			productRefGroup = EF822C5D2E4C0E7F002D1759 /* Products */;
			projectDirPath = "";
			projectRoot = "";
			targets = (
				EF822C5B2E4C0E7F002D1759 /* Novo */,
				EF822C6F2E4C0E80002D1759 /* NovoTests */,
				EF822C792E4C0E80002D1759 /* NovoUITests */,
			);
		};
/* End PBXProject section */

/* Begin PBXResourcesBuildPhase section */
		EF822C5A2E4C0E7F002D1759 /* Resources */ = {
			isa = PBXResourcesBuildPhase;
			buildActionMask = 2147483647;
			files = (
				EF587F782E4D109F007A97D1 /* Assets.xcassets in Resources */,
				EF5880D92E59705C007A97D1 /* StoreKit.storekit in Resources */,
			);
			runOnlyForDeploymentPostprocessing = 0;
		};
		EF822C6E2E4C0E80002D1759 /* Resources */ = {
			isa = PBXResourcesBuildPhase;
			buildActionMask = 2147483647;
			files = (
				EF5880D82E59705C007A97D1 /* StoreKit.storekit in Resources */,
			);
			runOnlyForDeploymentPostprocessing = 0;
		};
		EF822C782E4C0E80002D1759 /* Resources */ = {
			isa = PBXResourcesBuildPhase;
			buildActionMask = 2147483647;
			files = (
			);
			runOnlyForDeploymentPostprocessing = 0;
		};
/* End PBXResourcesBuildPhase section */

/* Begin PBXSourcesBuildPhase section */
		EF822C582E4C0E7F002D1759 /* Sources */ = {
			isa = PBXSourcesBuildPhase;
			buildActionMask = 2147483647;
			files = (
				EF587F742E4D109F007A97D1 /* Novo.xcdatamodeld in Sources */,
				EF5880C32E56EC39007A97D1 /* OnboardingSingleSelectionView.swift in Sources */,
				EF5880AE2E56E108007A97D1 /* OnboardingViewModel.swift in Sources */,
				EF5880C12E56EC2E007A97D1 /* OnboardingButton.swift in Sources */,
				EF5880B02E56E10D007A97D1 /* OnboardingFlowView.swift in Sources */,
				EF587F752E4D109F007A97D1 /* NovoApp.swift in Sources */,
				EF587F7F2E4D1B15007A97D1 /* ContentView.swift in Sources */,
				EF5880B42E56E24D007A97D1 /* RootView.swift in Sources */,
				EF5880B22E56E113007A97D1 /* MainAppView.swift in Sources */,
				EF5880AC2E56E0ED007A97D1 /* QuestionNameView.swift in Sources */,
				EF5880BD2E56EA8C007A97D1 /* OnboardingHeaderView.swift in Sources */,
				EF5880DB2E59741E007A97D1 /* CustomValueInputView.swift in Sources */,
				EF5880BA2E56E9C9007A97D1 /* OnboardingSelectionButton.swift in Sources */,
				EF5880BF2E56EA95007A97D1 /* OnboardingJourneyStartView.swift in Sources */,
				EF5880D12E5847C9007A97D1 /* OnboardingIntroView.swift in Sources */,
				EF587F762E4D109F007A97D1 /* Persistence.swift in Sources */,
				EF5880B82E56E88F007A97D1 /* OnboardingPageInfo.swift in Sources */,
			);
			runOnlyForDeploymentPostprocessing = 0;
		};
		EF822C6C2E4C0E80002D1759 /* Sources */ = {
			isa = PBXSourcesBuildPhase;
			buildActionMask = 2147483647;
			files = (
			);
			runOnlyForDeploymentPostprocessing = 0;
		};
		EF822C762E4C0E80002D1759 /* Sources */ = {
			isa = PBXSourcesBuildPhase;
			buildActionMask = 2147483647;
			files = (
			);
			runOnlyForDeploymentPostprocessing = 0;
		};
/* End PBXSourcesBuildPhase section */

/* Begin PBXTargetDependency section */
		EF822C722E4C0E80002D1759 /* PBXTargetDependency */ = {
			isa = PBXTargetDependency;
			target = EF822C5B2E4C0E7F002D1759 /* Novo */;
			targetProxy = EF822C712E4C0E80002D1759 /* PBXContainerItemProxy */;
		};
		EF822C7C2E4C0E80002D1759 /* PBXTargetDependency */ = {
			isa = PBXTargetDependency;
			target = EF822C5B2E4C0E7F002D1759 /* Novo */;
			targetProxy = EF822C7B2E4C0E80002D1759 /* PBXContainerItemProxy */;
		};
/* End PBXTargetDependency section */

/* Begin XCBuildConfiguration section */
		EF822C842E4C0E80002D1759 /* Debug */ = {
			isa = XCBuildConfiguration;
			buildSettings = {
				ASSETCATALOG_COMPILER_APPICON_NAME = AppIcon;
				ASSETCATALOG_COMPILER_GLOBAL_ACCENT_COLOR_NAME = AccentColor;
				CODE_SIGN_ENTITLEMENTS = Novo/Novo.entitlements;
				CODE_SIGN_STYLE = Automatic;
				CURRENT_PROJECT_VERSION = 1;
				DEVELOPMENT_TEAM = 48DNC6L6NN;
				ENABLE_HARDENED_RUNTIME = YES;
				ENABLE_PREVIEWS = YES;
				GENERATE_INFOPLIST_FILE = YES;
				INFOPLIST_FILE = Novo/Info.plist;
				"INFOPLIST_KEY_UIApplicationSceneManifest_Generation[sdk=iphoneos*]" = YES;
				"INFOPLIST_KEY_UIApplicationSceneManifest_Generation[sdk=iphonesimulator*]" = YES;
				"INFOPLIST_KEY_UIApplicationSupportsIndirectInputEvents[sdk=iphoneos*]" = YES;
				"INFOPLIST_KEY_UIApplicationSupportsIndirectInputEvents[sdk=iphonesimulator*]" = YES;
				"INFOPLIST_KEY_UILaunchScreen_Generation[sdk=iphoneos*]" = YES;
				"INFOPLIST_KEY_UILaunchScreen_Generation[sdk=iphonesimulator*]" = YES;
				"INFOPLIST_KEY_UIStatusBarStyle[sdk=iphoneos*]" = UIStatusBarStyleDefault;
				"INFOPLIST_KEY_UIStatusBarStyle[sdk=iphonesimulator*]" = UIStatusBarStyleDefault;
				INFOPLIST_KEY_UISupportedInterfaceOrientations_iPad = "UIInterfaceOrientationPortrait UIInterfaceOrientationPortraitUpsideDown UIInterfaceOrientationLandscapeLeft UIInterfaceOrientationLandscapeRight";
				INFOPLIST_KEY_UISupportedInterfaceOrientations_iPhone = "UIInterfaceOrientationPortrait UIInterfaceOrientationLandscapeLeft UIInterfaceOrientationLandscapeRight";
				IPHONEOS_DEPLOYMENT_TARGET = 18.5;
				LD_RUNPATH_SEARCH_PATHS = "@executable_path/Frameworks";
				"LD_RUNPATH_SEARCH_PATHS[sdk=macosx*]" = "@executable_path/../Frameworks";
				MACOSX_DEPLOYMENT_TARGET = 15.5;
				MARKETING_VERSION = 1.0;
				PRODUCT_BUNDLE_IDENTIFIER = com.emberforgeapps.Novo;
				PRODUCT_NAME = "$(TARGET_NAME)";
				REGISTER_APP_GROUPS = YES;
				SDKROOT = auto;
				SUPPORTED_PLATFORMS = "iphoneos iphonesimulator macosx xros xrsimulator";
				SWIFT_EMIT_LOC_STRINGS = YES;
				SWIFT_VERSION = 5.0;
				TARGETED_DEVICE_FAMILY = "1,2,7";
				XROS_DEPLOYMENT_TARGET = 2.5;
			};
			name = Debug;
		};
		EF822C852E4C0E80002D1759 /* Release */ = {
			isa = XCBuildConfiguration;
			buildSettings = {
				ASSETCATALOG_COMPILER_APPICON_NAME = AppIcon;
				ASSETCATALOG_COMPILER_GLOBAL_ACCENT_COLOR_NAME = AccentColor;
				CODE_SIGN_ENTITLEMENTS = Novo/Novo.entitlements;
				CODE_SIGN_STYLE = Automatic;
				CURRENT_PROJECT_VERSION = 1;
				DEVELOPMENT_TEAM = 48DNC6L6NN;
				ENABLE_HARDENED_RUNTIME = YES;
				ENABLE_PREVIEWS = YES;
				GENERATE_INFOPLIST_FILE = YES;
				INFOPLIST_FILE = Novo/Info.plist;
				"INFOPLIST_KEY_UIApplicationSceneManifest_Generation[sdk=iphoneos*]" = YES;
				"INFOPLIST_KEY_UIApplicationSceneManifest_Generation[sdk=iphonesimulator*]" = YES;
				"INFOPLIST_KEY_UIApplicationSupportsIndirectInputEvents[sdk=iphoneos*]" = YES;
				"INFOPLIST_KEY_UIApplicationSupportsIndirectInputEvents[sdk=iphonesimulator*]" = YES;
				"INFOPLIST_KEY_UILaunchScreen_Generation[sdk=iphoneos*]" = YES;
				"INFOPLIST_KEY_UILaunchScreen_Generation[sdk=iphonesimulator*]" = YES;
				"INFOPLIST_KEY_UIStatusBarStyle[sdk=iphoneos*]" = UIStatusBarStyleDefault;
				"INFOPLIST_KEY_UIStatusBarStyle[sdk=iphonesimulator*]" = UIStatusBarStyleDefault;
				INFOPLIST_KEY_UISupportedInterfaceOrientations_iPad = "UIInterfaceOrientationPortrait UIInterfaceOrientationPortraitUpsideDown UIInterfaceOrientationLandscapeLeft UIInterfaceOrientationLandscapeRight";
				INFOPLIST_KEY_UISupportedInterfaceOrientations_iPhone = "UIInterfaceOrientationPortrait UIInterfaceOrientationLandscapeLeft UIInterfaceOrientationLandscapeRight";
				IPHONEOS_DEPLOYMENT_TARGET = 18.5;
				LD_RUNPATH_SEARCH_PATHS = "@executable_path/Frameworks";
				"LD_RUNPATH_SEARCH_PATHS[sdk=macosx*]" = "@executable_path/../Frameworks";
				MACOSX_DEPLOYMENT_TARGET = 15.5;
				MARKETING_VERSION = 1.0;
				PRODUCT_BUNDLE_IDENTIFIER = com.emberforgeapps.Novo;
				PRODUCT_NAME = "$(TARGET_NAME)";
				REGISTER_APP_GROUPS = YES;
				SDKROOT = auto;
				SUPPORTED_PLATFORMS = "iphoneos iphonesimulator macosx xros xrsimulator";
				SWIFT_EMIT_LOC_STRINGS = YES;
				SWIFT_VERSION = 5.0;
				TARGETED_DEVICE_FAMILY = "1,2,7";
				XROS_DEPLOYMENT_TARGET = 2.5;
			};
			name = Release;
		};
		EF822C862E4C0E80002D1759 /* Debug */ = {
			isa = XCBuildConfiguration;
			buildSettings = {
				ALWAYS_SEARCH_USER_PATHS = NO;
				ASSETCATALOG_COMPILER_GENERATE_SWIFT_ASSET_SYMBOL_EXTENSIONS = YES;
				CLANG_ANALYZER_NONNULL = YES;
				CLANG_ANALYZER_NUMBER_OBJECT_CONVERSION = YES_AGGRESSIVE;
				CLANG_CXX_LANGUAGE_STANDARD = "gnu++20";
				CLANG_ENABLE_MODULES = YES;
				CLANG_ENABLE_OBJC_ARC = YES;
				CLANG_ENABLE_OBJC_WEAK = YES;
				CLANG_WARN_BLOCK_CAPTURE_AUTORELEASING = YES;
				CLANG_WARN_BOOL_CONVERSION = YES;
				CLANG_WARN_COMMA = YES;
				CLANG_WARN_CONSTANT_CONVERSION = YES;
				CLANG_WARN_DEPRECATED_OBJC_IMPLEMENTATIONS = YES;
				CLANG_WARN_DIRECT_OBJC_ISA_USAGE = YES_ERROR;
				CLANG_WARN_DOCUMENTATION_COMMENTS = YES;
				CLANG_WARN_EMPTY_BODY = YES;
				CLANG_WARN_ENUM_CONVERSION = YES;
				CLANG_WARN_INFINITE_RECURSION = YES;
				CLANG_WARN_INT_CONVERSION = YES;
				CLANG_WARN_NON_LITERAL_NULL_CONVERSION = YES;
				CLANG_WARN_OBJC_IMPLICIT_RETAIN_SELF = YES;
				CLANG_WARN_OBJC_LITERAL_CONVERSION = YES;
				CLANG_WARN_OBJC_ROOT_CLASS = YES_ERROR;
				CLANG_WARN_QUOTED_INCLUDE_IN_FRAMEWORK_HEADER = YES;
				CLANG_WARN_RANGE_LOOP_ANALYSIS = YES;
				CLANG_WARN_STRICT_PROTOTYPES = YES;
				CLANG_WARN_SUSPICIOUS_MOVE = YES;
				CLANG_WARN_UNGUARDED_AVAILABILITY = YES_AGGRESSIVE;
				CLANG_WARN_UNREACHABLE_CODE = YES;
				CLANG_WARN__DUPLICATE_METHOD_MATCH = YES;
				COPY_PHASE_STRIP = NO;
				DEBUG_INFORMATION_FORMAT = dwarf;
				DEVELOPMENT_TEAM = 48DNC6L6NN;
				ENABLE_STRICT_OBJC_MSGSEND = YES;
				ENABLE_TESTABILITY = YES;
				ENABLE_USER_SCRIPT_SANDBOXING = YES;
				GCC_C_LANGUAGE_STANDARD = gnu17;
				GCC_DYNAMIC_NO_PIC = NO;
				GCC_NO_COMMON_BLOCKS = YES;
				GCC_OPTIMIZATION_LEVEL = 0;
				GCC_PREPROCESSOR_DEFINITIONS = (
					"DEBUG=1",
					"$(inherited)",
				);
				GCC_WARN_64_TO_32_BIT_CONVERSION = YES;
				GCC_WARN_ABOUT_RETURN_TYPE = YES_ERROR;
				GCC_WARN_UNDECLARED_SELECTOR = YES;
				GCC_WARN_UNINITIALIZED_AUTOS = YES_AGGRESSIVE;
				GCC_WARN_UNUSED_FUNCTION = YES;
				GCC_WARN_UNUSED_VARIABLE = YES;
				LOCALIZATION_PREFERS_STRING_CATALOGS = YES;
				MTL_ENABLE_DEBUG_INFO = INCLUDE_SOURCE;
				MTL_FAST_MATH = YES;
				ONLY_ACTIVE_ARCH = YES;
				SWIFT_ACTIVE_COMPILATION_CONDITIONS = "DEBUG $(inherited)";
				SWIFT_OPTIMIZATION_LEVEL = "-Onone";
			};
			name = Debug;
		};
		EF822C872E4C0E80002D1759 /* Release */ = {
			isa = XCBuildConfiguration;
			buildSettings = {
				ALWAYS_SEARCH_USER_PATHS = NO;
				ASSETCATALOG_COMPILER_GENERATE_SWIFT_ASSET_SYMBOL_EXTENSIONS = YES;
				CLANG_ANALYZER_NONNULL = YES;
				CLANG_ANALYZER_NUMBER_OBJECT_CONVERSION = YES_AGGRESSIVE;
				CLANG_CXX_LANGUAGE_STANDARD = "gnu++20";
				CLANG_ENABLE_MODULES = YES;
				CLANG_ENABLE_OBJC_ARC = YES;
				CLANG_ENABLE_OBJC_WEAK = YES;
				CLANG_WARN_BLOCK_CAPTURE_AUTORELEASING = YES;
				CLANG_WARN_BOOL_CONVERSION = YES;
				CLANG_WARN_COMMA = YES;
				CLANG_WARN_CONSTANT_CONVERSION = YES;
				CLANG_WARN_DEPRECATED_OBJC_IMPLEMENTATIONS = YES;
				CLANG_WARN_DIRECT_OBJC_ISA_USAGE = YES_ERROR;
				CLANG_WARN_DOCUMENTATION_COMMENTS = YES;
				CLANG_WARN_EMPTY_BODY = YES;
				CLANG_WARN_ENUM_CONVERSION = YES;
				CLANG_WARN_INFINITE_RECURSION = YES;
				CLANG_WARN_INT_CONVERSION = YES;
				CLANG_WARN_NON_LITERAL_NULL_CONVERSION = YES;
				CLANG_WARN_OBJC_IMPLICIT_RETAIN_SELF = YES;
				CLANG_WARN_OBJC_LITERAL_CONVERSION = YES;
				CLANG_WARN_OBJC_ROOT_CLASS = YES_ERROR;
				CLANG_WARN_QUOTED_INCLUDE_IN_FRAMEWORK_HEADER = YES;
				CLANG_WARN_RANGE_LOOP_ANALYSIS = YES;
				CLANG_WARN_STRICT_PROTOTYPES = YES;
				CLANG_WARN_SUSPICIOUS_MOVE = YES;
				CLANG_WARN_UNGUARDED_AVAILABILITY = YES_AGGRESSIVE;
				CLANG_WARN_UNREACHABLE_CODE = YES;
				CLANG_WARN__DUPLICATE_METHOD_MATCH = YES;
				COPY_PHASE_STRIP = NO;
				DEBUG_INFORMATION_FORMAT = "dwarf-with-dsym";
				DEVELOPMENT_TEAM = 48DNC6L6NN;
				ENABLE_NS_ASSERTIONS = NO;
				ENABLE_STRICT_OBJC_MSGSEND = YES;
				ENABLE_USER_SCRIPT_SANDBOXING = YES;
				GCC_C_LANGUAGE_STANDARD = gnu17;
				GCC_NO_COMMON_BLOCKS = YES;
				GCC_WARN_64_TO_32_BIT_CONVERSION = YES;
				GCC_WARN_ABOUT_RETURN_TYPE = YES_ERROR;
				GCC_WARN_UNDECLARED_SELECTOR = YES;
				GCC_WARN_UNINITIALIZED_AUTOS = YES_AGGRESSIVE;
				GCC_WARN_UNUSED_FUNCTION = YES;
				GCC_WARN_UNUSED_VARIABLE = YES;
				LOCALIZATION_PREFERS_STRING_CATALOGS = YES;
				MTL_ENABLE_DEBUG_INFO = NO;
				MTL_FAST_MATH = YES;
				SWIFT_COMPILATION_MODE = wholemodule;
			};
			name = Release;
		};
		EF822C892E4C0E80002D1759 /* Debug */ = {
			isa = XCBuildConfiguration;
			buildSettings = {
				BUNDLE_LOADER = "$(TEST_HOST)";
				CODE_SIGN_STYLE = Automatic;
				CURRENT_PROJECT_VERSION = 1;
				DEVELOPMENT_TEAM = 48DNC6L6NN;
				GENERATE_INFOPLIST_FILE = YES;
				IPHONEOS_DEPLOYMENT_TARGET = 18.5;
				MACOSX_DEPLOYMENT_TARGET = 15.5;
				MARKETING_VERSION = 1.0;
				PRODUCT_BUNDLE_IDENTIFIER = com.emberforgeapps.NovoTests;
				PRODUCT_NAME = "$(TARGET_NAME)";
				SDKROOT = auto;
				SUPPORTED_PLATFORMS = "iphoneos iphonesimulator macosx xros xrsimulator";
				SWIFT_EMIT_LOC_STRINGS = NO;
				SWIFT_VERSION = 5.0;
				TARGETED_DEVICE_FAMILY = "1,2,7";
				TEST_HOST = "$(BUILT_PRODUCTS_DIR)/Novo.app/$(BUNDLE_EXECUTABLE_FOLDER_PATH)/Novo";
				XROS_DEPLOYMENT_TARGET = 2.5;
			};
			name = Debug;
		};
		EF822C8A2E4C0E80002D1759 /* Release */ = {
			isa = XCBuildConfiguration;
			buildSettings = {
				BUNDLE_LOADER = "$(TEST_HOST)";
				CODE_SIGN_STYLE = Automatic;
				CURRENT_PROJECT_VERSION = 1;
				DEVELOPMENT_TEAM = 48DNC6L6NN;
				GENERATE_INFOPLIST_FILE = YES;
				IPHONEOS_DEPLOYMENT_TARGET = 18.5;
				MACOSX_DEPLOYMENT_TARGET = 15.5;
				MARKETING_VERSION = 1.0;
				PRODUCT_BUNDLE_IDENTIFIER = com.emberforgeapps.NovoTests;
				PRODUCT_NAME = "$(TARGET_NAME)";
				SDKROOT = auto;
				SUPPORTED_PLATFORMS = "iphoneos iphonesimulator macosx xros xrsimulator";
				SWIFT_EMIT_LOC_STRINGS = NO;
				SWIFT_VERSION = 5.0;
				TARGETED_DEVICE_FAMILY = "1,2,7";
				TEST_HOST = "$(BUILT_PRODUCTS_DIR)/Novo.app/$(BUNDLE_EXECUTABLE_FOLDER_PATH)/Novo";
				XROS_DEPLOYMENT_TARGET = 2.5;
			};
			name = Release;
		};
		EF822C8C2E4C0E80002D1759 /* Debug */ = {
			isa = XCBuildConfiguration;
			buildSettings = {
				CODE_SIGN_STYLE = Automatic;
				CURRENT_PROJECT_VERSION = 1;
				DEVELOPMENT_TEAM = 48DNC6L6NN;
				GENERATE_INFOPLIST_FILE = YES;
				IPHONEOS_DEPLOYMENT_TARGET = 18.5;
				MACOSX_DEPLOYMENT_TARGET = 15.5;
				MARKETING_VERSION = 1.0;
				PRODUCT_BUNDLE_IDENTIFIER = com.emberforgeapps.NovoUITests;
				PRODUCT_NAME = "$(TARGET_NAME)";
				SDKROOT = auto;
				SUPPORTED_PLATFORMS = "iphoneos iphonesimulator macosx xros xrsimulator";
				SWIFT_EMIT_LOC_STRINGS = NO;
				SWIFT_VERSION = 5.0;
				TARGETED_DEVICE_FAMILY = "1,2,7";
				TEST_TARGET_NAME = Novo;
				XROS_DEPLOYMENT_TARGET = 2.5;
			};
			name = Debug;
		};
		EF822C8D2E4C0E80002D1759 /* Release */ = {
			isa = XCBuildConfiguration;
			buildSettings = {
				CODE_SIGN_STYLE = Automatic;
				CURRENT_PROJECT_VERSION = 1;
				DEVELOPMENT_TEAM = 48DNC6L6NN;
				GENERATE_INFOPLIST_FILE = YES;
				IPHONEOS_DEPLOYMENT_TARGET = 18.5;
				MACOSX_DEPLOYMENT_TARGET = 15.5;
				MARKETING_VERSION = 1.0;
				PRODUCT_BUNDLE_IDENTIFIER = com.emberforgeapps.NovoUITests;
				PRODUCT_NAME = "$(TARGET_NAME)";
				SDKROOT = auto;
				SUPPORTED_PLATFORMS = "iphoneos iphonesimulator macosx xros xrsimulator";
				SWIFT_EMIT_LOC_STRINGS = NO;
				SWIFT_VERSION = 5.0;
				TARGETED_DEVICE_FAMILY = "1,2,7";
				TEST_TARGET_NAME = Novo;
				XROS_DEPLOYMENT_TARGET = 2.5;
			};
			name = Release;
		};
/* End XCBuildConfiguration section */

/* Begin XCConfigurationList section */
		EF822C572E4C0E7F002D1759 /* Build configuration list for PBXProject "Novo" */ = {
			isa = XCConfigurationList;
			buildConfigurations = (
				EF822C862E4C0E80002D1759 /* Debug */,
				EF822C872E4C0E80002D1759 /* Release */,
			);
			defaultConfigurationIsVisible = 0;
			defaultConfigurationName = Release;
		};
		EF822C832E4C0E80002D1759 /* Build configuration list for PBXNativeTarget "Novo" */ = {
			isa = XCConfigurationList;
			buildConfigurations = (
				EF822C842E4C0E80002D1759 /* Debug */,
				EF822C852E4C0E80002D1759 /* Release */,
			);
			defaultConfigurationIsVisible = 0;
			defaultConfigurationName = Release;
		};
		EF822C882E4C0E80002D1759 /* Build configuration list for PBXNativeTarget "NovoTests" */ = {
			isa = XCConfigurationList;
			buildConfigurations = (
				EF822C892E4C0E80002D1759 /* Debug */,
				EF822C8A2E4C0E80002D1759 /* Release */,
			);
			defaultConfigurationIsVisible = 0;
			defaultConfigurationName = Release;
		};
		EF822C8B2E4C0E80002D1759 /* Build configuration list for PBXNativeTarget "NovoUITests" */ = {
			isa = XCConfigurationList;
			buildConfigurations = (
				EF822C8C2E4C0E80002D1759 /* Debug */,
				EF822C8D2E4C0E80002D1759 /* Release */,
			);
			defaultConfigurationIsVisible = 0;
			defaultConfigurationName = Release;
		};
/* End XCConfigurationList section */

/* Begin XCRemoteSwiftPackageReference section */
		EF5880D22E5958A8007A97D1 /* XCRemoteSwiftPackageReference "Superwall-iOS" */ = {
			isa = XCRemoteSwiftPackageReference;
			repositoryURL = "https://github.com/superwall/Superwall-iOS";
			requirement = {
				kind = upToNextMajorVersion;
				minimumVersion = 4.7.0;
			};
		};
/* End XCRemoteSwiftPackageReference section */

/* Begin XCSwiftPackageProductDependency section */
		EF5880D32E5958A8007A97D1 /* SuperwallKit */ = {
			isa = XCSwiftPackageProductDependency;
			package = EF5880D22E5958A8007A97D1 /* XCRemoteSwiftPackageReference "Superwall-iOS" */;
			productName = SuperwallKit;
		};
/* End XCSwiftPackageProductDependency section */

/* Begin XCVersionGroup section */
		EF587F6E2E4D109F007A97D1 /* Novo.xcdatamodeld */ = {
			isa = XCVersionGroup;
			children = (
				EF587F732E4D109F007A97D1 /* Novo.xcdatamodel */,
			);
			currentVersion = EF587F732E4D109F007A97D1 /* Novo.xcdatamodel */;
			path = Novo.xcdatamodeld;
			sourceTree = "<group>";
			versionGroupType = wrapper.xcdatamodel;
		};
/* End XCVersionGroup section */
	};
	rootObject = EF822C542E4C0E7F002D1759 /* Project object */;
}
